
Microsoft Visual Studio Solution File, Format Version 12.00
# Visual Studio Version 16
VisualStudioVersion = 16.0.30204.135
MinimumVisualStudioVersion = 10.0.40219.1
Project("{FAE04EC0-301F-11D3-BF4B-00C04F79EFBC}") = "MessageService", "MessageService\MessageService.csproj", "{9A4156C4-1130-4B1F-B925-AD8B56853AF0}"
EndProject
Project("{9A19103F-16F7-4668-BE54-9A1E7A4F7556}") = "MessageServiceClient", "MessageServiceClient\MessageServiceClient.csproj", "{5A8ABFF4-883B-4D63-A83B-61AE020E4E9F}"
EndProject
Global
	GlobalSection(SolutionConfigurationPlatforms) = preSolution
		Debug|Any CPU = Debug|Any CPU
		Debug|x64 = Debug|x64
		Debug|x86 = Debug|x86
		Release|Any CPU = Release|Any CPU
		Release|x64 = Release|x64
		Release|x86 = Release|x86
	EndGlobalSection
	GlobalSection(ProjectConfigurationPlatforms) = postSolution
		{9A4156C4-1130-4B1F-B925-AD8B56853AF0}.Debug|Any CPU.ActiveCfg = Debug|Any CPU
		{9A4156C4-1130-4B1F-B925-AD8B56853AF0}.Debug|Any CPU.Build.0 = Debug|Any CPU
		{9A4156C4-1130-4B1F-B925-AD8B56853AF0}.Debug|x64.ActiveCfg = Debug|x64
		{9A4156C4-1130-4B1F-B925-AD8B56853AF0}.Debug|x64.Build.0 = Debug|x64
		{9A4156C4-1130-4B1F-B925-AD8B56853AF0}.Debug|x86.ActiveCfg = Debug|x86
		{9A4156C4-1130-4B1F-B925-AD8B56853AF0}.Debug|x86.Build.0 = Debug|x86
		{9A4156C4-1130-4B1F-B925-AD8B56853AF0}.Release|Any CPU.ActiveCfg = Release|Any CPU
		{9A4156C4-1130-4B1F-B925-AD8B56853AF0}.Release|Any CPU.Build.0 = Release|Any CPU
		{9A4156C4-1130-4B1F-B925-AD8B56853AF0}.Release|x64.ActiveCfg = Release|x64
		{9A4156C4-1130-4B1F-B925-AD8B56853AF0}.Release|x64.Build.0 = Release|x64
		{9A4156C4-1130-4B1F-B925-AD8B56853AF0}.Release|x86.ActiveCfg = Release|x86
		{9A4156C4-1130-4B1F-B925-AD8B56853AF0}.Release|x86.Build.0 = Release|x86
		{5A8ABFF4-883B-4D63-A83B-61AE020E4E9F}.Debug|Any CPU.ActiveCfg = Debug|Any CPU
		{5A8ABFF4-883B-4D63-A83B-61AE020E4E9F}.Debug|Any CPU.Build.0 = Debug|Any CPU
		{5A8ABFF4-883B-4D63-A83B-61AE020E4E9F}.Debug|x64.ActiveCfg = Debug|x64
		{5A8ABFF4-883B-4D63-A83B-61AE020E4E9F}.Debug|x64.Build.0 = Debug|x64
		{5A8ABFF4-883B-4D63-A83B-61AE020E4E9F}.Debug|x86.ActiveCfg = Debug|x86
		{5A8ABFF4-883B-4D63-A83B-61AE020E4E9F}.Debug|x86.Build.0 = Debug|x86
		{5A8ABFF4-883B-4D63-A83B-61AE020E4E9F}.Release|Any CPU.ActiveCfg = Release|Any CPU
		{5A8ABFF4-883B-4D63-A83B-61AE020E4E9F}.Release|Any CPU.Build.0 = Release|Any CPU
		{5A8ABFF4-883B-4D63-A83B-61AE020E4E9F}.Release|x64.ActiveCfg = Release|x64
		{5A8ABFF4-883B-4D63-A83B-61AE020E4E9F}.Release|x64.Build.0 = Release|x64
		{5A8ABFF4-883B-4D63-A83B-61AE020E4E9F}.Release|x86.ActiveCfg = Release|x86
		{5A8ABFF4-883B-4D63-A83B-61AE020E4E9F}.Release|x86.Build.0 = Release|x86
	EndGlobalSection
	GlobalSection(SolutionProperties) = preSolution
		HideSolutionNode = FALSE
	EndGlobalSection
	GlobalSection(ExtensibilityGlobals) = postSolution
		SolutionGuid = {28B00B76-DC03-405A-B182-C405606DEE1C}
	EndGlobalSection
EndGlobal
